
Microsoft Visual Studio Solution File, Format Version 12.00
# Visual Studio 14
VisualStudioVersion = 14.0.25123.0
MinimumVisualStudioVersion = 10.0.40219.1
Project("{8BC9CEB8-8B4A-11D0-8D11-00A0C91BC942}") = "QCefView", "src\QCefView\QCefView.vcxproj", "{B12702AD-ABFB-343A-A199-8E24837244A3}"
	ProjectSection(ProjectDependencies) = postProject
		{30E74A1E-80ED-41FF-B512-04F0689CDACE} = {30E74A1E-80ED-41FF-B512-04F0689CDACE}
	EndProjectSection
EndProject
Project("{8BC9CEB8-8B4A-11D0-8D11-00A0C91BC942}") = "qtcefwing", "src\qtcefwing\qtcefwing.vcxproj", "{30E74A1E-80ED-41FF-B512-04F0689CDACE}"
EndProject
Project("{8BC9CEB8-8B4A-11D0-8D11-00A0C91BC942}") = "QCefViewTest", "test\src\QCefViewTest\QCefViewTest.vcxproj", "{82F4086D-1013-4012-B55B-19BDC2CAB22F}"
	ProjectSection(ProjectDependencies) = postProject
		{30E74A1E-80ED-41FF-B512-04F0689CDACE} = {30E74A1E-80ED-41FF-B512-04F0689CDACE}
		{B12702AD-ABFB-343A-A199-8E24837244A3} = {B12702AD-ABFB-343A-A199-8E24837244A3}
	EndProjectSection
EndProject
Project("{2150E333-8FDC-42A3-9474-1A3956D46DE8}") = "Test", "Test", "{10BD08FC-D6D0-415D-B63D-9EC0D378B0A4}"
EndProject
Global
	GlobalSection(SolutionConfigurationPlatforms) = preSolution
		Debug|Win32 = Debug|Win32
		Release|Win32 = Release|Win32
	EndGlobalSection
	GlobalSection(ProjectConfigurationPlatforms) = postSolution
		{B12702AD-ABFB-343A-A199-8E24837244A3}.Debug|Win32.ActiveCfg = Debug|Win32
		{B12702AD-ABFB-343A-A199-8E24837244A3}.Debug|Win32.Build.0 = Debug|Win32
		{B12702AD-ABFB-343A-A199-8E24837244A3}.Release|Win32.ActiveCfg = Release|Win32
		{B12702AD-ABFB-343A-A199-8E24837244A3}.Release|Win32.Build.0 = Release|Win32
		{30E74A1E-80ED-41FF-B512-04F0689CDACE}.Debug|Win32.ActiveCfg = Debug|Win32
		{30E74A1E-80ED-41FF-B512-04F0689CDACE}.Debug|Win32.Build.0 = Debug|Win32
		{30E74A1E-80ED-41FF-B512-04F0689CDACE}.Release|Win32.ActiveCfg = Release|Win32
		{30E74A1E-80ED-41FF-B512-04F0689CDACE}.Release|Win32.Build.0 = Release|Win32
		{82F4086D-1013-4012-B55B-19BDC2CAB22F}.Debug|Win32.ActiveCfg = Debug|Win32
		{82F4086D-1013-4012-B55B-19BDC2CAB22F}.Debug|Win32.Build.0 = Debug|Win32
		{82F4086D-1013-4012-B55B-19BDC2CAB22F}.Release|Win32.ActiveCfg = Release|Win32
		{82F4086D-1013-4012-B55B-19BDC2CAB22F}.Release|Win32.Build.0 = Release|Win32
	EndGlobalSection
	GlobalSection(SolutionProperties) = preSolution
		HideSolutionNode = FALSE
	EndGlobalSection
	GlobalSection(NestedProjects) = preSolution
		{82F4086D-1013-4012-B55B-19BDC2CAB22F} = {10BD08FC-D6D0-415D-B63D-9EC0D378B0A4}
	EndGlobalSection
EndGlobal
