
Microsoft Visual Studio Solution File, Format Version 12.00
# Visual Studio 15
VisualStudioVersion = 15.0.27004.2006
MinimumVisualStudioVersion = 10.0.40219.1
Project("{8BC9CEB8-8B4A-11D0-8D11-00A0C91BC942}") = "QCefView", "src\QCefView\QCefView.vcxproj", "{B12702AD-ABFB-343A-A199-8E24837244A3}"
	ProjectSection(ProjectDependencies) = postProject
		{30E74A1E-80ED-41FF-B512-04F0689CDACE} = {30E74A1E-80ED-41FF-B512-04F0689CDACE}
	EndProjectSection
EndProject
Project("{8BC9CEB8-8B4A-11D0-8D11-00A0C91BC942}") = "qtcefwing", "src\qtcefwing\qtcefwing.vcxproj", "{30E74A1E-80ED-41FF-B512-04F0689CDACE}"
EndProject
Project("{8BC9CEB8-8B4A-11D0-8D11-00A0C91BC942}") = "QCefViewTest", "test\src\QCefViewTest\QCefViewTest.vcxproj", "{82F4086D-1013-4012-B55B-19BDC2CAB22F}"
	ProjectSection(ProjectDependencies) = postProject
		{30E74A1E-80ED-41FF-B512-04F0689CDACE} = {30E74A1E-80ED-41FF-B512-04F0689CDACE}
		{B12702AD-ABFB-343A-A199-8E24837244A3} = {B12702AD-ABFB-343A-A199-8E24837244A3}
	EndProjectSection
EndProject
Project("{2150E333-8FDC-42A3-9474-1A3956D46DE8}") = "Test", "Test", "{10BD08FC-D6D0-415D-B63D-9EC0D378B0A4}"
EndProject
Project("{8BC9CEB8-8B4A-11D0-8D11-00A0C91BC942}") = "Shared", "src\Shared\Shared.vcxitems", "{FA98646F-03D5-489A-BAD4-547EF0A404D2}"
EndProject
Global
	GlobalSection(SharedMSBuildProjectFiles) = preSolution
		src\Shared\Shared.vcxitems*{30e74a1e-80ed-41ff-b512-04f0689cdace}*SharedItemsImports = 4
		src\Shared\Shared.vcxitems*{b12702ad-abfb-343a-a199-8e24837244a3}*SharedItemsImports = 4
		src\Shared\Shared.vcxitems*{fa98646f-03d5-489a-bad4-547ef0a404d2}*SharedItemsImports = 9
	EndGlobalSection
	GlobalSection(SolutionConfigurationPlatforms) = preSolution
		Debug|Win32 = Debug|Win32
		Debug|x64 = Debug|x64
		Release|Win32 = Release|Win32
		Release|x64 = Release|x64
	EndGlobalSection
	GlobalSection(ProjectConfigurationPlatforms) = postSolution
		{B12702AD-ABFB-343A-A199-8E24837244A3}.Debug|Win32.ActiveCfg = Debug|Win32
		{B12702AD-ABFB-343A-A199-8E24837244A3}.Debug|Win32.Build.0 = Debug|Win32
		{B12702AD-ABFB-343A-A199-8E24837244A3}.Debug|x64.ActiveCfg = Debug|x64
		{B12702AD-ABFB-343A-A199-8E24837244A3}.Debug|x64.Build.0 = Debug|x64
		{B12702AD-ABFB-343A-A199-8E24837244A3}.Release|Win32.ActiveCfg = Release|Win32
		{B12702AD-ABFB-343A-A199-8E24837244A3}.Release|Win32.Build.0 = Release|Win32
		{B12702AD-ABFB-343A-A199-8E24837244A3}.Release|x64.ActiveCfg = Release|x64
		{B12702AD-ABFB-343A-A199-8E24837244A3}.Release|x64.Build.0 = Release|x64
		{30E74A1E-80ED-41FF-B512-04F0689CDACE}.Debug|Win32.ActiveCfg = Debug|Win32
		{30E74A1E-80ED-41FF-B512-04F0689CDACE}.Debug|Win32.Build.0 = Debug|Win32
		{30E74A1E-80ED-41FF-B512-04F0689CDACE}.Debug|x64.ActiveCfg = Debug|x64
		{30E74A1E-80ED-41FF-B512-04F0689CDACE}.Debug|x64.Build.0 = Debug|x64
		{30E74A1E-80ED-41FF-B512-04F0689CDACE}.Release|Win32.ActiveCfg = Release|Win32
		{30E74A1E-80ED-41FF-B512-04F0689CDACE}.Release|Win32.Build.0 = Release|Win32
		{30E74A1E-80ED-41FF-B512-04F0689CDACE}.Release|x64.ActiveCfg = Release|x64
		{30E74A1E-80ED-41FF-B512-04F0689CDACE}.Release|x64.Build.0 = Release|x64
		{82F4086D-1013-4012-B55B-19BDC2CAB22F}.Debug|Win32.ActiveCfg = Debug|Win32
		{82F4086D-1013-4012-B55B-19BDC2CAB22F}.Debug|Win32.Build.0 = Debug|Win32
		{82F4086D-1013-4012-B55B-19BDC2CAB22F}.Debug|x64.ActiveCfg = Debug|x64
		{82F4086D-1013-4012-B55B-19BDC2CAB22F}.Debug|x64.Build.0 = Debug|x64
		{82F4086D-1013-4012-B55B-19BDC2CAB22F}.Release|Win32.ActiveCfg = Release|Win32
		{82F4086D-1013-4012-B55B-19BDC2CAB22F}.Release|Win32.Build.0 = Release|Win32
		{82F4086D-1013-4012-B55B-19BDC2CAB22F}.Release|x64.ActiveCfg = Release|x64
		{82F4086D-1013-4012-B55B-19BDC2CAB22F}.Release|x64.Build.0 = Release|x64
	EndGlobalSection
	GlobalSection(SolutionProperties) = preSolution
		HideSolutionNode = FALSE
	EndGlobalSection
	GlobalSection(NestedProjects) = preSolution
		{82F4086D-1013-4012-B55B-19BDC2CAB22F} = {10BD08FC-D6D0-415D-B63D-9EC0D378B0A4}
	EndGlobalSection
	GlobalSection(ExtensibilityGlobals) = postSolution
		SolutionGuid = {B23E622F-E3B7-44D0-87E3-0FD9EADF6B48}
	EndGlobalSection
EndGlobal
