<?xml version="1.0" encoding="utf-8"?>
<Project ToolsVersion="4.0" xmlns="http://schemas.microsoft.com/developer/msbuild/2003">
  <ItemGroup>
    <Filter Include="Source Files">
      <UniqueIdentifier>{4FC737F1-C7A5-4376-A066-2A32D752A2FF}</UniqueIdentifier>
      <Extensions>cpp;cxx;c;def</Extensions>
    </Filter>
    <Filter Include="Header Files">
      <UniqueIdentifier>{93995380-89BD-4b04-88EB-625FBE52EBFB}</UniqueIdentifier>
      <Extensions>h</Extensions>
    </Filter>
    <Filter Include="Form Files">
      <UniqueIdentifier>{99349809-55BA-4b9d-BF79-8FDBB0286EB3}</UniqueIdentifier>
      <Extensions>ui</Extensions>
    </Filter>
    <Filter Include="Resource Files">
      <UniqueIdentifier>{D9D6E242-F8AF-46E4-B9FD-80ECBC20BA3E}</UniqueIdentifier>
      <Extensions>qrc;*</Extensions>
      <ParseFiles>false</ParseFiles>
    </Filter>
    <Filter Include="Generated Files">
      <UniqueIdentifier>{71ED8ED8-ACB9-4CE9-BBE1-E00B30144E11}</UniqueIdentifier>
      <Extensions>moc;h;cpp</Extensions>
      <SourceControlFiles>False</SourceControlFiles>
    </Filter>
    <Filter Include="Generated Files\Debug">
      <UniqueIdentifier>{a691b648-520c-46a9-85df-ee6ad7364647}</UniqueIdentifier>
      <Extensions>cpp;moc</Extensions>
      <SourceControlFiles>False</SourceControlFiles>
    </Filter>
    <Filter Include="Generated Files\Release">
      <UniqueIdentifier>{d8d6ceac-5c00-4766-a5cd-49089d5f418c}</UniqueIdentifier>
      <Extensions>cpp;moc</Extensions>
      <SourceControlFiles>False</SourceControlFiles>
    </Filter>
    <Filter Include="include">
      <UniqueIdentifier>{31dd2fdb-3866-4556-aac5-93ba3aec4508}</UniqueIdentifier>
    </Filter>
    <Filter Include="BrowserApp">
      <UniqueIdentifier>{8b3e2057-e763-4f6a-a971-15a2b36a7ce2}</UniqueIdentifier>
    </Filter>
    <Filter Include="BrowserApp\BrowserDelegates">
      <UniqueIdentifier>{346f492d-00f5-4c46-b5da-6b2875221e1e}</UniqueIdentifier>
    </Filter>
    <Filter Include="BrowserApp\SchemeHandlers">
      <UniqueIdentifier>{cdad891b-4f11-4f15-bb0c-d876af296d37}</UniqueIdentifier>
    </Filter>
    <Filter Include="Source Files\Private">
      <UniqueIdentifier>{cd748408-4672-45a9-bc3a-f8a26a88fb58}</UniqueIdentifier>
    </Filter>
  </ItemGroup>
  <ItemGroup>
    <ClInclude Include="CefViewBrowserApp\SchemeHandlers\QCefViewDefaultSchemeHandler.h">
      <Filter>BrowserApp\SchemeHandlers</Filter>
    </ClInclude>
    <ClInclude Include="CefViewBrowserApp\BrowserDelegates\QCefViewDefaultBrowserDelegate.h">
      <Filter>BrowserApp\BrowserDelegates</Filter>
    </ClInclude>
    <ClInclude Include="stdafx.h">
      <Filter>Header Files</Filter>
    </ClInclude>
    <ClInclude Include="CefViewBrowserApp\QCefViewBrowserApp.h">
      <Filter>BrowserApp</Filter>
    </ClInclude>
    <ClInclude Include="CefViewBrowserApp\QCefViewBrowserHandler.h">
      <Filter>BrowserApp</Filter>
    </ClInclude>
    <ClInclude Include="CefViewBrowserApp\QCefQueryHandler.h">
      <Filter>BrowserApp</Filter>
    </ClInclude>
    <ClInclude Include="CCefSetting.h">
      <Filter>Source Files\Private</Filter>
    </ClInclude>
    <ClInclude Include="inc\QCefSetting.h">
      <Filter>include</Filter>
    </ClInclude>
    <ClInclude Include="..\public\QCefCommon.h">
      <Filter>Header Files</Filter>
    </ClInclude>
  </ItemGroup>
  <ItemGroup>
    <ClCompile Include="GeneratedFiles\Debug\moc_QCefView.cpp">
      <Filter>Generated Files\Debug</Filter>
    </ClCompile>
    <ClCompile Include="GeneratedFiles\Release\moc_QCefView.cpp">
      <Filter>Generated Files\Release</Filter>
    </ClCompile>
    <ClCompile Include="CefViewBrowserApp\SchemeHandlers\QCefViewDefaultSchemeHandler.cpp">
      <Filter>BrowserApp\SchemeHandlers</Filter>
    </ClCompile>
    <ClCompile Include="CefViewBrowserApp\BrowserDelegates\QCefViewDefaultBrowserDelegate.cpp">
      <Filter>BrowserApp\BrowserDelegates</Filter>
    </ClCompile>
    <ClCompile Include="QCefView.cpp">
      <Filter>Source Files</Filter>
    </ClCompile>
    <ClCompile Include="QCefQuery.cpp">
      <Filter>Source Files</Filter>
    </ClCompile>
    <ClCompile Include="stdafx.cpp">
      <Filter>Source Files</Filter>
    </ClCompile>
    <ClCompile Include="CefViewBrowserApp\QCefViewBrowserApp.cpp">
      <Filter>BrowserApp</Filter>
    </ClCompile>
    <ClCompile Include="CefViewBrowserApp\QCefViewBrowserAppHelper.cpp">
      <Filter>BrowserApp</Filter>
    </ClCompile>
    <ClCompile Include="CefViewBrowserApp\QCefViewBrowserHandler.cpp">
      <Filter>BrowserApp</Filter>
    </ClCompile>
    <ClCompile Include="CefViewBrowserApp\QCefQueryHandler.cpp">
      <Filter>BrowserApp</Filter>
    </ClCompile>
    <ClCompile Include="QCefSetting.cpp">
      <Filter>Source Files</Filter>
    </ClCompile>
    <ClCompile Include="CCefSetting.cpp">
      <Filter>Source Files\Private</Filter>
    </ClCompile>
    <ClCompile Include="CCefWindow.cpp">
      <Filter>Source Files\Private</Filter>
    </ClCompile>
    <ClCompile Include="GeneratedFiles\Debug\moc_CCefWindow.cpp">
      <Filter>Generated Files\Debug</Filter>
    </ClCompile>
    <ClCompile Include="GeneratedFiles\Release\moc_CCefWindow.cpp">
      <Filter>Generated Files\Release</Filter>
    </ClCompile>
    <ClCompile Include="GeneratedFiles\Debug\moc_CCefManager.cpp">
      <Filter>Generated Files\Debug</Filter>
    </ClCompile>
    <ClCompile Include="GeneratedFiles\Release\moc_CCefManager.cpp">
      <Filter>Generated Files\Release</Filter>
    </ClCompile>
    <ClCompile Include="CCefManager.cpp">
      <Filter>Source Files\Private</Filter>
    </ClCompile>
    <ClCompile Include="QCefEvent.cpp">
      <Filter>Source Files</Filter>
    </ClCompile>
    <ClCompile Include="GeneratedFiles\Debug\moc_QCefEvent.cpp">
      <Filter>Generated Files\Debug</Filter>
    </ClCompile>
    <ClCompile Include="GeneratedFiles\Release\moc_QCefEvent.cpp">
      <Filter>Generated Files\Release</Filter>
    </ClCompile>
  </ItemGroup>
  <ItemGroup>
    <CustomBuild Include="inc\QCefView.h">
      <Filter>include</Filter>
    </CustomBuild>
    <CustomBuild Include="CCefWindow.h">
      <Filter>Source Files\Private</Filter>
    </CustomBuild>
    <CustomBuild Include="CCefManager.h">
      <Filter>Source Files\Private</Filter>
    </CustomBuild>
    <CustomBuild Include="inc\QCefEvent.h">
      <Filter>include</Filter>
    </CustomBuild>
    <CustomBuild Include="inc\QCefQuery.h">
      <Filter>include</Filter>
    </CustomBuild>
  </ItemGroup>
</Project>